
Microsoft Visual Studio Solution File, Format Version 12.00
# Visual Studio Version 17
VisualStudioVersion = 17.1.31911.260
MinimumVisualStudioVersion = 10.0.40219.1
Project("{FAE04EC0-301F-11D3-BF4B-00C04F79EFBC}") = "sql_HomeWork", "sql_HomeWork\sql_HomeWork.csproj", "{11FB6136-D62F-4477-AF2C-D9A5E06F4D2A}"
EndProject
Global
	GlobalSection(SolutionConfigurationPlatforms) = preSolution
		Debug|Any CPU = Debug|Any CPU
		Release|Any CPU = Release|Any CPU
	EndGlobalSection
	GlobalSection(ProjectConfigurationPlatforms) = postSolution
		{11FB6136-D62F-4477-AF2C-D9A5E06F4D2A}.Debug|Any CPU.ActiveCfg = Debug|Any CPU
		{11FB6136-D62F-4477-AF2C-D9A5E06F4D2A}.Debug|Any CPU.Build.0 = Debug|Any CPU
		{11FB6136-D62F-4477-AF2C-D9A5E06F4D2A}.Release|Any CPU.ActiveCfg = Release|Any CPU
		{11FB6136-D62F-4477-AF2C-D9A5E06F4D2A}.Release|Any CPU.Build.0 = Release|Any CPU
	EndGlobalSection
	GlobalSection(SolutionProperties) = preSolution
		HideSolutionNode = FALSE
	EndGlobalSection
	GlobalSection(ExtensibilityGlobals) = postSolution
		SolutionGuid = {F08D52A0-0288-4D5D-A783-344781E3BDC0}
	EndGlobalSection
EndGlobal
